
Microsoft Visual Studio Solution File, Format Version 12.00
# Visual Studio Version 17
VisualStudioVersion = 17.9.34622.214
MinimumVisualStudioVersion = 10.0.40219.1
Project("{8BC9CEB8-8B4A-11D0-8D11-00A0C91BC942}") = "HomeWorkScreens", "HomeWorkScreens\HomeWorkScreens.vcxproj", "{487618CC-8192-4214-A823-FFF559F79DF0}"
EndProject
Global
	GlobalSection(SolutionConfigurationPlatforms) = preSolution
		Debug|x64 = Debug|x64
		Debug|x86 = Debug|x86
		Release|x64 = Release|x64
		Release|x86 = Release|x86
	EndGlobalSection
	GlobalSection(ProjectConfigurationPlatforms) = postSolution
		{487618CC-8192-4214-A823-FFF559F79DF0}.Debug|x64.ActiveCfg = Debug|x64
		{487618CC-8192-4214-A823-FFF559F79DF0}.Debug|x64.Build.0 = Debug|x64
		{487618CC-8192-4214-A823-FFF559F79DF0}.Debug|x86.ActiveCfg = Debug|Win32
		{487618CC-8192-4214-A823-FFF559F79DF0}.Debug|x86.Build.0 = Debug|Win32
		{487618CC-8192-4214-A823-FFF559F79DF0}.Release|x64.ActiveCfg = Release|x64
		{487618CC-8192-4214-A823-FFF559F79DF0}.Release|x64.Build.0 = Release|x64
		{487618CC-8192-4214-A823-FFF559F79DF0}.Release|x86.ActiveCfg = Release|Win32
		{487618CC-8192-4214-A823-FFF559F79DF0}.Release|x86.Build.0 = Release|Win32
	EndGlobalSection
	GlobalSection(SolutionProperties) = preSolution
		HideSolutionNode = FALSE
	EndGlobalSection
	GlobalSection(ExtensibilityGlobals) = postSolution
		SolutionGuid = {8CCE5CEC-BFE6-4270-A712-643100FC5AB4}
	EndGlobalSection
EndGlobal
